
Microsoft Visual Studio Solution File, Format Version 12.00
# Visual Studio 15
VisualStudioVersion = 15.0.28307.136
MinimumVisualStudioVersion = 10.0.40219.1
Project("{FAE04EC0-301F-11D3-BF4B-00C04F79EFBC}") = "DungeonsAndDragonsApp.Android", "DungeonsAndDragonsApp\DungeonsAndDragonsApp.Android\DungeonsAndDragonsApp.Android.csproj", "{B4BFA2E0-D954-4647-A82A-5D4BA5C0839A}"
EndProject
Project("{FAE04EC0-301F-11D3-BF4B-00C04F79EFBC}") = "DungeonsAndDragonsApp", "DungeonsAndDragonsApp\DungeonsAndDragonsApp\DungeonsAndDragonsApp.csproj", "{FC6D263B-56DC-43CF-9FE0-AE170D96FEAA}"
EndProject
Global
	GlobalSection(SolutionConfigurationPlatforms) = preSolution
		Debug|Any CPU = Debug|Any CPU
		Release|Any CPU = Release|Any CPU
	EndGlobalSection
	GlobalSection(ProjectConfigurationPlatforms) = postSolution
		{B4BFA2E0-D954-4647-A82A-5D4BA5C0839A}.Debug|Any CPU.ActiveCfg = Debug|Any CPU
		{B4BFA2E0-D954-4647-A82A-5D4BA5C0839A}.Debug|Any CPU.Build.0 = Debug|Any CPU
		{B4BFA2E0-D954-4647-A82A-5D4BA5C0839A}.Debug|Any CPU.Deploy.0 = Debug|Any CPU
		{B4BFA2E0-D954-4647-A82A-5D4BA5C0839A}.Release|Any CPU.ActiveCfg = Release|Any CPU
		{B4BFA2E0-D954-4647-A82A-5D4BA5C0839A}.Release|Any CPU.Build.0 = Release|Any CPU
		{B4BFA2E0-D954-4647-A82A-5D4BA5C0839A}.Release|Any CPU.Deploy.0 = Release|Any CPU
		{FC6D263B-56DC-43CF-9FE0-AE170D96FEAA}.Debug|Any CPU.ActiveCfg = Debug|Any CPU
		{FC6D263B-56DC-43CF-9FE0-AE170D96FEAA}.Debug|Any CPU.Build.0 = Debug|Any CPU
		{FC6D263B-56DC-43CF-9FE0-AE170D96FEAA}.Debug|Any CPU.Deploy.0 = Debug|Any CPU
		{FC6D263B-56DC-43CF-9FE0-AE170D96FEAA}.Release|Any CPU.ActiveCfg = Release|Any CPU
		{FC6D263B-56DC-43CF-9FE0-AE170D96FEAA}.Release|Any CPU.Build.0 = Release|Any CPU
		{FC6D263B-56DC-43CF-9FE0-AE170D96FEAA}.Release|Any CPU.Deploy.0 = Release|Any CPU
	EndGlobalSection
	GlobalSection(SolutionProperties) = preSolution
		HideSolutionNode = FALSE
	EndGlobalSection
	GlobalSection(ExtensibilityGlobals) = postSolution
		SolutionGuid = {3A2DC9AF-B4C2-4699-AFC7-EDFD3F8437F5}
	EndGlobalSection
EndGlobal
